
Microsoft Visual Studio Solution File, Format Version 12.00
# Visual Studio Version 16
VisualStudioVersion = 16.0.32630.194
MinimumVisualStudioVersion = 10.0.40219.1
Project("{FAE04EC0-301F-11D3-BF4B-00C04F79EFBC}") = "FWM_Client_02", "FWM_Client_02.csproj", "{04314038-9DF6-4025-9DFD-D99CE5296C73}"
EndProject
Global
	GlobalSection(SolutionConfigurationPlatforms) = preSolution
		Debug|Any CPU = Debug|Any CPU
		Release|Any CPU = Release|Any CPU
	EndGlobalSection
	GlobalSection(ProjectConfigurationPlatforms) = postSolution
		{04314038-9DF6-4025-9DFD-D99CE5296C73}.Debug|Any CPU.ActiveCfg = Debug|Any CPU
		{04314038-9DF6-4025-9DFD-D99CE5296C73}.Debug|Any CPU.Build.0 = Debug|Any CPU
		{04314038-9DF6-4025-9DFD-D99CE5296C73}.Release|Any CPU.ActiveCfg = Release|Any CPU
		{04314038-9DF6-4025-9DFD-D99CE5296C73}.Release|Any CPU.Build.0 = Release|Any CPU
	EndGlobalSection
	GlobalSection(SolutionProperties) = preSolution
		HideSolutionNode = FALSE
	EndGlobalSection
	GlobalSection(ExtensibilityGlobals) = postSolution
		SolutionGuid = {BD3CA865-5F3A-481A-BF21-3A96E81C01CC}
	EndGlobalSection
EndGlobal
